
Microsoft Visual Studio Solution File, Format Version 12.00
# Visual Studio Version 17
VisualStudioVersion = 17.5.33516.290
MinimumVisualStudioVersion = 10.0.40219.1
Project("{2150E333-8FDC-42A3-9474-1A3956D46DE8}") = "services", "services", "{F4EE0D1A-FDD6-4B67-8888-DE56E5B68345}"
EndProject
Project("{2150E333-8FDC-42A3-9474-1A3956D46DE8}") = "plumbing", "plumbing", "{E14B1BAF-6A26-4F44-9E42-ADF3264B1651}"
EndProject
Project("{2150E333-8FDC-42A3-9474-1A3956D46DE8}") = "Catalog", "Catalog", "{26869CC7-419E-4FF0-806C-CDFCD20E35E2}"
EndProject
Project("{2150E333-8FDC-42A3-9474-1A3956D46DE8}") = "Basket", "Basket", "{6F574798-3F96-49C8-B1F8-8F554C9A2AAB}"
EndProject
Project("{2150E333-8FDC-42A3-9474-1A3956D46DE8}") = "Order", "Order", "{E1BD0C2B-EE77-43EB-BDA5-A2A96D779E7D}"
EndProject
Project("{9A19103F-16F7-4668-BE54-9A1E7A4F7556}") = "basket.service", "Services\Basket\Basket.Service\basket.service.csproj", "{03818A70-24FA-4F8C-962D-83E2E29A704B}"
EndProject
Project("{9A19103F-16F7-4668-BE54-9A1E7A4F7556}") = "catalog.service", "Services\Catalog\Catalog.Service\catalog.service.csproj", "{02C10FDA-3A2C-418B-8476-64140368CD07}"
EndProject
Project("{2150E333-8FDC-42A3-9474-1A3956D46DE8}") = "ui", "ui", "{9FF83104-A445-4755-9BCE-DC2F2D0A05AC}"
EndProject
Project("{9A19103F-16F7-4668-BE54-9A1E7A4F7556}") = "MusicStore", "UI\MusicStore.csproj", "{4D3D74D7-3DF8-4DAC-A9A6-39E368055453}"
EndProject
Project("{9A19103F-16F7-4668-BE54-9A1E7A4F7556}") = "order.service", "Services\Order\Order.Service\order.service.csproj", "{D9648E83-0398-45AE-8E0B-590967765607}"
EndProject
Project("{9A19103F-16F7-4668-BE54-9A1E7A4F7556}") = "order.domain", "Services\Order\Order.Domain\order.domain.csproj", "{9EF8BF17-77D3-4C7A-AD03-86C5D0FFFC7E}"
EndProject
Project("{9A19103F-16F7-4668-BE54-9A1E7A4F7556}") = "order.infrastructure.nosql", "Services\Order\Order.Infrastructure.NoSql\order.infrastructure.nosql.csproj", "{9E2499AE-3E84-4CBE-8A03-13E04BD77B49}"
EndProject
Project("{9A19103F-16F7-4668-BE54-9A1E7A4F7556}") = "AdminTools", "Plumbing\AdminTools\AdminTools.csproj", "{05973050-36DF-44AC-8A8F-43D457970FB0}"
EndProject
Project("{9A19103F-16F7-4668-BE54-9A1E7A4F7556}") = "EventBus", "Plumbing\EventBus\EventBus.csproj", "{C5A45952-AB35-4121-8E9C-EB11AD0E3BDE}"
EndProject
Project("{9A19103F-16F7-4668-BE54-9A1E7A4F7556}") = "RestCommunicator", "Plumbing\RestCommunicator\RestCommunicator.csproj", "{8272B53C-409B-4D72-8715-AD8BFC8C9C3B}"
EndProject
Project("{9A19103F-16F7-4668-BE54-9A1E7A4F7556}") = "ServiceLocator", "Plumbing\ServiceLocator\ServiceLocator.csproj", "{C1EE4493-E384-4CB8-A421-8832B2E0CABC}"
EndProject
Project("{9A19103F-16F7-4668-BE54-9A1E7A4F7556}") = "SharedUtilities", "Plumbing\SharedUtilities\SharedUtilities.csproj", "{ABFB97F6-BA75-4DCC-8ED7-739D1FA85F67}"
EndProject
Project("{FAE04EC0-301F-11D3-BF4B-00C04F79EFBC}") = "SampleCodeForFutureRefactoring", "SampleCodeForFutureRefactoring\SampleCodeForFutureRefactoring.csproj", "{6E14CD5C-A232-4DAB-99C0-B7931DCDBA2B}"
EndProject
Global
	GlobalSection(SolutionConfigurationPlatforms) = preSolution
		Debug|Any CPU = Debug|Any CPU
		FullApp|Any CPU = FullApp|Any CPU
		Release|Any CPU = Release|Any CPU
	EndGlobalSection
	GlobalSection(ProjectConfigurationPlatforms) = postSolution
		{03818A70-24FA-4F8C-962D-83E2E29A704B}.Debug|Any CPU.ActiveCfg = Debug|Any CPU
		{03818A70-24FA-4F8C-962D-83E2E29A704B}.Debug|Any CPU.Build.0 = Debug|Any CPU
		{03818A70-24FA-4F8C-962D-83E2E29A704B}.FullApp|Any CPU.ActiveCfg = FullApp|Any CPU
		{03818A70-24FA-4F8C-962D-83E2E29A704B}.FullApp|Any CPU.Build.0 = FullApp|Any CPU
		{03818A70-24FA-4F8C-962D-83E2E29A704B}.Release|Any CPU.ActiveCfg = Release|Any CPU
		{03818A70-24FA-4F8C-962D-83E2E29A704B}.Release|Any CPU.Build.0 = Release|Any CPU
		{02C10FDA-3A2C-418B-8476-64140368CD07}.Debug|Any CPU.ActiveCfg = Debug|Any CPU
		{02C10FDA-3A2C-418B-8476-64140368CD07}.Debug|Any CPU.Build.0 = Debug|Any CPU
		{02C10FDA-3A2C-418B-8476-64140368CD07}.FullApp|Any CPU.ActiveCfg = FullApp|Any CPU
		{02C10FDA-3A2C-418B-8476-64140368CD07}.FullApp|Any CPU.Build.0 = FullApp|Any CPU
		{02C10FDA-3A2C-418B-8476-64140368CD07}.Release|Any CPU.ActiveCfg = Release|Any CPU
		{02C10FDA-3A2C-418B-8476-64140368CD07}.Release|Any CPU.Build.0 = Release|Any CPU
		{4D3D74D7-3DF8-4DAC-A9A6-39E368055453}.Debug|Any CPU.ActiveCfg = Debug|Any CPU
		{4D3D74D7-3DF8-4DAC-A9A6-39E368055453}.Debug|Any CPU.Build.0 = Debug|Any CPU
		{4D3D74D7-3DF8-4DAC-A9A6-39E368055453}.FullApp|Any CPU.ActiveCfg = FullApp|Any CPU
		{4D3D74D7-3DF8-4DAC-A9A6-39E368055453}.FullApp|Any CPU.Build.0 = FullApp|Any CPU
		{4D3D74D7-3DF8-4DAC-A9A6-39E368055453}.Release|Any CPU.ActiveCfg = Release|Any CPU
		{4D3D74D7-3DF8-4DAC-A9A6-39E368055453}.Release|Any CPU.Build.0 = Release|Any CPU
		{D9648E83-0398-45AE-8E0B-590967765607}.Debug|Any CPU.ActiveCfg = Debug|Any CPU
		{D9648E83-0398-45AE-8E0B-590967765607}.Debug|Any CPU.Build.0 = Debug|Any CPU
		{D9648E83-0398-45AE-8E0B-590967765607}.FullApp|Any CPU.ActiveCfg = FullApp|Any CPU
		{D9648E83-0398-45AE-8E0B-590967765607}.FullApp|Any CPU.Build.0 = FullApp|Any CPU
		{D9648E83-0398-45AE-8E0B-590967765607}.Release|Any CPU.ActiveCfg = Release|Any CPU
		{D9648E83-0398-45AE-8E0B-590967765607}.Release|Any CPU.Build.0 = Release|Any CPU
		{9EF8BF17-77D3-4C7A-AD03-86C5D0FFFC7E}.Debug|Any CPU.ActiveCfg = Debug|Any CPU
		{9EF8BF17-77D3-4C7A-AD03-86C5D0FFFC7E}.Debug|Any CPU.Build.0 = Debug|Any CPU
		{9EF8BF17-77D3-4C7A-AD03-86C5D0FFFC7E}.FullApp|Any CPU.ActiveCfg = Debug|Any CPU
		{9EF8BF17-77D3-4C7A-AD03-86C5D0FFFC7E}.FullApp|Any CPU.Build.0 = Debug|Any CPU
		{9EF8BF17-77D3-4C7A-AD03-86C5D0FFFC7E}.Release|Any CPU.ActiveCfg = Release|Any CPU
		{9EF8BF17-77D3-4C7A-AD03-86C5D0FFFC7E}.Release|Any CPU.Build.0 = Release|Any CPU
		{9E2499AE-3E84-4CBE-8A03-13E04BD77B49}.Debug|Any CPU.ActiveCfg = Debug|Any CPU
		{9E2499AE-3E84-4CBE-8A03-13E04BD77B49}.Debug|Any CPU.Build.0 = Debug|Any CPU
		{9E2499AE-3E84-4CBE-8A03-13E04BD77B49}.FullApp|Any CPU.ActiveCfg = Debug|Any CPU
		{9E2499AE-3E84-4CBE-8A03-13E04BD77B49}.FullApp|Any CPU.Build.0 = Debug|Any CPU
		{9E2499AE-3E84-4CBE-8A03-13E04BD77B49}.Release|Any CPU.ActiveCfg = Release|Any CPU
		{9E2499AE-3E84-4CBE-8A03-13E04BD77B49}.Release|Any CPU.Build.0 = Release|Any CPU
		{05973050-36DF-44AC-8A8F-43D457970FB0}.Debug|Any CPU.ActiveCfg = Debug|Any CPU
		{05973050-36DF-44AC-8A8F-43D457970FB0}.Debug|Any CPU.Build.0 = Debug|Any CPU
		{05973050-36DF-44AC-8A8F-43D457970FB0}.FullApp|Any CPU.ActiveCfg = Debug|Any CPU
		{05973050-36DF-44AC-8A8F-43D457970FB0}.FullApp|Any CPU.Build.0 = Debug|Any CPU
		{05973050-36DF-44AC-8A8F-43D457970FB0}.Release|Any CPU.ActiveCfg = Release|Any CPU
		{05973050-36DF-44AC-8A8F-43D457970FB0}.Release|Any CPU.Build.0 = Release|Any CPU
		{C5A45952-AB35-4121-8E9C-EB11AD0E3BDE}.Debug|Any CPU.ActiveCfg = Debug|Any CPU
		{C5A45952-AB35-4121-8E9C-EB11AD0E3BDE}.Debug|Any CPU.Build.0 = Debug|Any CPU
		{C5A45952-AB35-4121-8E9C-EB11AD0E3BDE}.FullApp|Any CPU.ActiveCfg = FullApp|Any CPU
		{C5A45952-AB35-4121-8E9C-EB11AD0E3BDE}.FullApp|Any CPU.Build.0 = FullApp|Any CPU
		{C5A45952-AB35-4121-8E9C-EB11AD0E3BDE}.Release|Any CPU.ActiveCfg = Release|Any CPU
		{C5A45952-AB35-4121-8E9C-EB11AD0E3BDE}.Release|Any CPU.Build.0 = Release|Any CPU
		{8272B53C-409B-4D72-8715-AD8BFC8C9C3B}.Debug|Any CPU.ActiveCfg = Debug|Any CPU
		{8272B53C-409B-4D72-8715-AD8BFC8C9C3B}.Debug|Any CPU.Build.0 = Debug|Any CPU
		{8272B53C-409B-4D72-8715-AD8BFC8C9C3B}.FullApp|Any CPU.ActiveCfg = Debug|Any CPU
		{8272B53C-409B-4D72-8715-AD8BFC8C9C3B}.FullApp|Any CPU.Build.0 = Debug|Any CPU
		{8272B53C-409B-4D72-8715-AD8BFC8C9C3B}.Release|Any CPU.ActiveCfg = Release|Any CPU
		{8272B53C-409B-4D72-8715-AD8BFC8C9C3B}.Release|Any CPU.Build.0 = Release|Any CPU
		{C1EE4493-E384-4CB8-A421-8832B2E0CABC}.Debug|Any CPU.ActiveCfg = Debug|Any CPU
		{C1EE4493-E384-4CB8-A421-8832B2E0CABC}.Debug|Any CPU.Build.0 = Debug|Any CPU
		{C1EE4493-E384-4CB8-A421-8832B2E0CABC}.FullApp|Any CPU.ActiveCfg = Debug|Any CPU
		{C1EE4493-E384-4CB8-A421-8832B2E0CABC}.FullApp|Any CPU.Build.0 = Debug|Any CPU
		{C1EE4493-E384-4CB8-A421-8832B2E0CABC}.Release|Any CPU.ActiveCfg = Release|Any CPU
		{C1EE4493-E384-4CB8-A421-8832B2E0CABC}.Release|Any CPU.Build.0 = Release|Any CPU
		{ABFB97F6-BA75-4DCC-8ED7-739D1FA85F67}.Debug|Any CPU.ActiveCfg = Debug|Any CPU
		{ABFB97F6-BA75-4DCC-8ED7-739D1FA85F67}.Debug|Any CPU.Build.0 = Debug|Any CPU
		{ABFB97F6-BA75-4DCC-8ED7-739D1FA85F67}.FullApp|Any CPU.ActiveCfg = Debug|Any CPU
		{ABFB97F6-BA75-4DCC-8ED7-739D1FA85F67}.FullApp|Any CPU.Build.0 = Debug|Any CPU
		{ABFB97F6-BA75-4DCC-8ED7-739D1FA85F67}.Release|Any CPU.ActiveCfg = Release|Any CPU
		{ABFB97F6-BA75-4DCC-8ED7-739D1FA85F67}.Release|Any CPU.Build.0 = Release|Any CPU
		{6E14CD5C-A232-4DAB-99C0-B7931DCDBA2B}.Debug|Any CPU.ActiveCfg = Debug|Any CPU
		{6E14CD5C-A232-4DAB-99C0-B7931DCDBA2B}.Debug|Any CPU.Build.0 = Debug|Any CPU
		{6E14CD5C-A232-4DAB-99C0-B7931DCDBA2B}.FullApp|Any CPU.ActiveCfg = Debug|Any CPU
		{6E14CD5C-A232-4DAB-99C0-B7931DCDBA2B}.FullApp|Any CPU.Build.0 = Debug|Any CPU
		{6E14CD5C-A232-4DAB-99C0-B7931DCDBA2B}.Release|Any CPU.ActiveCfg = Release|Any CPU
		{6E14CD5C-A232-4DAB-99C0-B7931DCDBA2B}.Release|Any CPU.Build.0 = Release|Any CPU
	EndGlobalSection
	GlobalSection(SolutionProperties) = preSolution
		HideSolutionNode = FALSE
	EndGlobalSection
	GlobalSection(NestedProjects) = preSolution
		{26869CC7-419E-4FF0-806C-CDFCD20E35E2} = {F4EE0D1A-FDD6-4B67-8888-DE56E5B68345}
		{6F574798-3F96-49C8-B1F8-8F554C9A2AAB} = {F4EE0D1A-FDD6-4B67-8888-DE56E5B68345}
		{E1BD0C2B-EE77-43EB-BDA5-A2A96D779E7D} = {F4EE0D1A-FDD6-4B67-8888-DE56E5B68345}
		{03818A70-24FA-4F8C-962D-83E2E29A704B} = {6F574798-3F96-49C8-B1F8-8F554C9A2AAB}
		{02C10FDA-3A2C-418B-8476-64140368CD07} = {26869CC7-419E-4FF0-806C-CDFCD20E35E2}
		{4D3D74D7-3DF8-4DAC-A9A6-39E368055453} = {9FF83104-A445-4755-9BCE-DC2F2D0A05AC}
		{D9648E83-0398-45AE-8E0B-590967765607} = {E1BD0C2B-EE77-43EB-BDA5-A2A96D779E7D}
		{9EF8BF17-77D3-4C7A-AD03-86C5D0FFFC7E} = {E1BD0C2B-EE77-43EB-BDA5-A2A96D779E7D}
		{9E2499AE-3E84-4CBE-8A03-13E04BD77B49} = {E1BD0C2B-EE77-43EB-BDA5-A2A96D779E7D}
		{05973050-36DF-44AC-8A8F-43D457970FB0} = {E14B1BAF-6A26-4F44-9E42-ADF3264B1651}
		{C5A45952-AB35-4121-8E9C-EB11AD0E3BDE} = {E14B1BAF-6A26-4F44-9E42-ADF3264B1651}
		{8272B53C-409B-4D72-8715-AD8BFC8C9C3B} = {E14B1BAF-6A26-4F44-9E42-ADF3264B1651}
		{C1EE4493-E384-4CB8-A421-8832B2E0CABC} = {E14B1BAF-6A26-4F44-9E42-ADF3264B1651}
		{ABFB97F6-BA75-4DCC-8ED7-739D1FA85F67} = {E14B1BAF-6A26-4F44-9E42-ADF3264B1651}
		{6E14CD5C-A232-4DAB-99C0-B7931DCDBA2B} = {E14B1BAF-6A26-4F44-9E42-ADF3264B1651}
	EndGlobalSection
	GlobalSection(ExtensibilityGlobals) = postSolution
		SolutionGuid = {3CE8B033-C305-47A4-BF6B-0BDE1049A637}
	EndGlobalSection
EndGlobal
