
Microsoft Visual Studio Solution File, Format Version 12.00
# Visual Studio Version 17
VisualStudioVersion = 17.5.33516.290
MinimumVisualStudioVersion = 10.0.40219.1
Project("{9A19103F-16F7-4668-BE54-9A1E7A4F7556}") = "Catalog.API", "Services\Catalog.Service\Catalog.API.csproj", "{25E319FD-2615-405E-ACC5-5A557C819B61}"
EndProject
Project("{2150E333-8FDC-42A3-9474-1A3956D46DE8}") = "services", "services", "{F4EE0D1A-FDD6-4B67-8888-DE56E5B68345}"
EndProject
Project("{2150E333-8FDC-42A3-9474-1A3956D46DE8}") = "shared", "shared", "{E14B1BAF-6A26-4F44-9E42-ADF3264B1651}"
EndProject
Project("{9A19103F-16F7-4668-BE54-9A1E7A4F7556}") = "CommandBus", "BuildingBlocks\CommandBus\CommandBus.csproj", "{35A80171-B829-4504-ADB8-7ABA0359CD62}"
EndProject
Project("{9A19103F-16F7-4668-BE54-9A1E7A4F7556}") = "EventBus", "BuildingBlocks\EventBus\EventBus.csproj", "{3B730F3E-6102-4B5E-9FF3-C3584C7055B3}"
EndProject
Project("{9A19103F-16F7-4668-BE54-9A1E7A4F7556}") = "RestCommunication", "BuildingBlocks\RestCommunication\RestCommunication.csproj", "{BDF4D88C-38B7-4300-8AA2-E3B32091D25B}"
EndProject
Project("{9A19103F-16F7-4668-BE54-9A1E7A4F7556}") = "ServiceDiscovery", "BuildingBlocks\ServiceDiscovery\ServiceDiscovery.csproj", "{EEB48F71-D495-444E-940C-5C4E6F58C981}"
EndProject
Project("{9A19103F-16F7-4668-BE54-9A1E7A4F7556}") = "Snowflake", "BuildingBlocks\Snowflake\Snowflake.csproj", "{C1765907-F389-497C-AF45-5768054A4E8C}"
EndProject
Project("{9A19103F-16F7-4668-BE54-9A1E7A4F7556}") = "Utilities", "BuildingBlocks\Utilities\Utilities.csproj", "{288D5A23-23D1-469A-A3A0-8311881CAF6F}"
EndProject
Project("{2150E333-8FDC-42A3-9474-1A3956D46DE8}") = "Catalog", "Catalog", "{26869CC7-419E-4FF0-806C-CDFCD20E35E2}"
EndProject
Project("{2150E333-8FDC-42A3-9474-1A3956D46DE8}") = "Basket", "Basket", "{6F574798-3F96-49C8-B1F8-8F554C9A2AAB}"
EndProject
Project("{9A19103F-16F7-4668-BE54-9A1E7A4F7556}") = "Basket.API", "Services\Basket.Service\Basket.API.csproj", "{E4B8E3C3-EC6C-457C-A54D-7057BEDB2AD3}"
EndProject
Project("{2150E333-8FDC-42A3-9474-1A3956D46DE8}") = "Order", "Order", "{E1BD0C2B-EE77-43EB-BDA5-A2A96D779E7D}"
EndProject
Project("{9A19103F-16F7-4668-BE54-9A1E7A4F7556}") = "Ordering.API", "Services\Ordering.Service\Ordering.API.csproj", "{3DE3043A-0D40-4416-AA94-406623552650}"
EndProject
Project("{9A19103F-16F7-4668-BE54-9A1E7A4F7556}") = "Ordering.Infrastructure.NoSql", "Services\Ordering.Infrastructure.NoSql\Ordering.Infrastructure.NoSql.csproj", "{DC799FC8-88F7-4592-BD08-3FC917415F79}"
EndProject
Project("{9A19103F-16F7-4668-BE54-9A1E7A4F7556}") = "Ordering.Infrastructure.Relational", "Services\Ordering.Infrastructure.Relational\Ordering.Infrastructure.Relational\Ordering.Infrastructure.Relational.csproj", "{64ECBC81-A7C2-4E82-B126-FAA77AE364C3}"
EndProject
Project("{9A19103F-16F7-4668-BE54-9A1E7A4F7556}") = "Ordering.Domain", "Services\Ordering.Domain\Ordering.Domain.csproj", "{153B4160-4C5C-43BC-A62C-81C218F43B4E}"
EndProject
Project("{2150E333-8FDC-42A3-9474-1A3956D46DE8}") = "UI", "UI", "{A059D350-0C42-4A44-B5E2-5357CAF3FE43}"
EndProject
Project("{9A19103F-16F7-4668-BE54-9A1E7A4F7556}") = "MusicStore", "UI\MusicStore.csproj", "{B54001F9-C88B-4048-8E15-C94C53141B0A}"
EndProject
Global
	GlobalSection(SolutionConfigurationPlatforms) = preSolution
		Debug|Any CPU = Debug|Any CPU
		FullApp|Any CPU = FullApp|Any CPU
		Release|Any CPU = Release|Any CPU
	EndGlobalSection
	GlobalSection(ProjectConfigurationPlatforms) = postSolution
		{25E319FD-2615-405E-ACC5-5A557C819B61}.Debug|Any CPU.ActiveCfg = Debug|Any CPU
		{25E319FD-2615-405E-ACC5-5A557C819B61}.Debug|Any CPU.Build.0 = Debug|Any CPU
		{25E319FD-2615-405E-ACC5-5A557C819B61}.FullApp|Any CPU.ActiveCfg = FullApp|Any CPU
		{25E319FD-2615-405E-ACC5-5A557C819B61}.FullApp|Any CPU.Build.0 = FullApp|Any CPU
		{25E319FD-2615-405E-ACC5-5A557C819B61}.Release|Any CPU.ActiveCfg = Release|Any CPU
		{25E319FD-2615-405E-ACC5-5A557C819B61}.Release|Any CPU.Build.0 = Release|Any CPU
		{35A80171-B829-4504-ADB8-7ABA0359CD62}.Debug|Any CPU.ActiveCfg = Debug|Any CPU
		{35A80171-B829-4504-ADB8-7ABA0359CD62}.Debug|Any CPU.Build.0 = Debug|Any CPU
		{35A80171-B829-4504-ADB8-7ABA0359CD62}.FullApp|Any CPU.ActiveCfg = Debug|Any CPU
		{35A80171-B829-4504-ADB8-7ABA0359CD62}.FullApp|Any CPU.Build.0 = Debug|Any CPU
		{35A80171-B829-4504-ADB8-7ABA0359CD62}.Release|Any CPU.ActiveCfg = Release|Any CPU
		{35A80171-B829-4504-ADB8-7ABA0359CD62}.Release|Any CPU.Build.0 = Release|Any CPU
		{3B730F3E-6102-4B5E-9FF3-C3584C7055B3}.Debug|Any CPU.ActiveCfg = Debug|Any CPU
		{3B730F3E-6102-4B5E-9FF3-C3584C7055B3}.Debug|Any CPU.Build.0 = Debug|Any CPU
		{3B730F3E-6102-4B5E-9FF3-C3584C7055B3}.FullApp|Any CPU.ActiveCfg = FullApp|Any CPU
		{3B730F3E-6102-4B5E-9FF3-C3584C7055B3}.FullApp|Any CPU.Build.0 = FullApp|Any CPU
		{3B730F3E-6102-4B5E-9FF3-C3584C7055B3}.Release|Any CPU.ActiveCfg = Release|Any CPU
		{3B730F3E-6102-4B5E-9FF3-C3584C7055B3}.Release|Any CPU.Build.0 = Release|Any CPU
		{BDF4D88C-38B7-4300-8AA2-E3B32091D25B}.Debug|Any CPU.ActiveCfg = Debug|Any CPU
		{BDF4D88C-38B7-4300-8AA2-E3B32091D25B}.Debug|Any CPU.Build.0 = Debug|Any CPU
		{BDF4D88C-38B7-4300-8AA2-E3B32091D25B}.FullApp|Any CPU.ActiveCfg = FullApp|Any CPU
		{BDF4D88C-38B7-4300-8AA2-E3B32091D25B}.FullApp|Any CPU.Build.0 = FullApp|Any CPU
		{BDF4D88C-38B7-4300-8AA2-E3B32091D25B}.Release|Any CPU.ActiveCfg = Release|Any CPU
		{BDF4D88C-38B7-4300-8AA2-E3B32091D25B}.Release|Any CPU.Build.0 = Release|Any CPU
		{EEB48F71-D495-444E-940C-5C4E6F58C981}.Debug|Any CPU.ActiveCfg = Debug|Any CPU
		{EEB48F71-D495-444E-940C-5C4E6F58C981}.Debug|Any CPU.Build.0 = Debug|Any CPU
		{EEB48F71-D495-444E-940C-5C4E6F58C981}.FullApp|Any CPU.ActiveCfg = FullApp|Any CPU
		{EEB48F71-D495-444E-940C-5C4E6F58C981}.FullApp|Any CPU.Build.0 = FullApp|Any CPU
		{EEB48F71-D495-444E-940C-5C4E6F58C981}.Release|Any CPU.ActiveCfg = Release|Any CPU
		{EEB48F71-D495-444E-940C-5C4E6F58C981}.Release|Any CPU.Build.0 = Release|Any CPU
		{C1765907-F389-497C-AF45-5768054A4E8C}.Debug|Any CPU.ActiveCfg = Debug|Any CPU
		{C1765907-F389-497C-AF45-5768054A4E8C}.Debug|Any CPU.Build.0 = Debug|Any CPU
		{C1765907-F389-497C-AF45-5768054A4E8C}.FullApp|Any CPU.ActiveCfg = Debug|Any CPU
		{C1765907-F389-497C-AF45-5768054A4E8C}.FullApp|Any CPU.Build.0 = Debug|Any CPU
		{C1765907-F389-497C-AF45-5768054A4E8C}.Release|Any CPU.ActiveCfg = Release|Any CPU
		{C1765907-F389-497C-AF45-5768054A4E8C}.Release|Any CPU.Build.0 = Release|Any CPU
		{288D5A23-23D1-469A-A3A0-8311881CAF6F}.Debug|Any CPU.ActiveCfg = Debug|Any CPU
		{288D5A23-23D1-469A-A3A0-8311881CAF6F}.Debug|Any CPU.Build.0 = Debug|Any CPU
		{288D5A23-23D1-469A-A3A0-8311881CAF6F}.FullApp|Any CPU.ActiveCfg = FullApp|Any CPU
		{288D5A23-23D1-469A-A3A0-8311881CAF6F}.FullApp|Any CPU.Build.0 = FullApp|Any CPU
		{288D5A23-23D1-469A-A3A0-8311881CAF6F}.Release|Any CPU.ActiveCfg = Release|Any CPU
		{288D5A23-23D1-469A-A3A0-8311881CAF6F}.Release|Any CPU.Build.0 = Release|Any CPU
		{E4B8E3C3-EC6C-457C-A54D-7057BEDB2AD3}.Debug|Any CPU.ActiveCfg = Debug|Any CPU
		{E4B8E3C3-EC6C-457C-A54D-7057BEDB2AD3}.Debug|Any CPU.Build.0 = Debug|Any CPU
		{E4B8E3C3-EC6C-457C-A54D-7057BEDB2AD3}.FullApp|Any CPU.ActiveCfg = FullApp|Any CPU
		{E4B8E3C3-EC6C-457C-A54D-7057BEDB2AD3}.FullApp|Any CPU.Build.0 = FullApp|Any CPU
		{E4B8E3C3-EC6C-457C-A54D-7057BEDB2AD3}.Release|Any CPU.ActiveCfg = Release|Any CPU
		{E4B8E3C3-EC6C-457C-A54D-7057BEDB2AD3}.Release|Any CPU.Build.0 = Release|Any CPU
		{3DE3043A-0D40-4416-AA94-406623552650}.Debug|Any CPU.ActiveCfg = Debug|Any CPU
		{3DE3043A-0D40-4416-AA94-406623552650}.Debug|Any CPU.Build.0 = Debug|Any CPU
		{3DE3043A-0D40-4416-AA94-406623552650}.FullApp|Any CPU.ActiveCfg = FullApp|Any CPU
		{3DE3043A-0D40-4416-AA94-406623552650}.FullApp|Any CPU.Build.0 = FullApp|Any CPU
		{3DE3043A-0D40-4416-AA94-406623552650}.Release|Any CPU.ActiveCfg = Release|Any CPU
		{3DE3043A-0D40-4416-AA94-406623552650}.Release|Any CPU.Build.0 = Release|Any CPU
		{DC799FC8-88F7-4592-BD08-3FC917415F79}.Debug|Any CPU.ActiveCfg = Debug|Any CPU
		{DC799FC8-88F7-4592-BD08-3FC917415F79}.Debug|Any CPU.Build.0 = Debug|Any CPU
		{DC799FC8-88F7-4592-BD08-3FC917415F79}.FullApp|Any CPU.ActiveCfg = FullApp|Any CPU
		{DC799FC8-88F7-4592-BD08-3FC917415F79}.FullApp|Any CPU.Build.0 = FullApp|Any CPU
		{DC799FC8-88F7-4592-BD08-3FC917415F79}.Release|Any CPU.ActiveCfg = Release|Any CPU
		{DC799FC8-88F7-4592-BD08-3FC917415F79}.Release|Any CPU.Build.0 = Release|Any CPU
		{64ECBC81-A7C2-4E82-B126-FAA77AE364C3}.Debug|Any CPU.ActiveCfg = Debug|Any CPU
		{64ECBC81-A7C2-4E82-B126-FAA77AE364C3}.Debug|Any CPU.Build.0 = Debug|Any CPU
		{64ECBC81-A7C2-4E82-B126-FAA77AE364C3}.FullApp|Any CPU.ActiveCfg = Debug|Any CPU
		{64ECBC81-A7C2-4E82-B126-FAA77AE364C3}.FullApp|Any CPU.Build.0 = Debug|Any CPU
		{64ECBC81-A7C2-4E82-B126-FAA77AE364C3}.Release|Any CPU.ActiveCfg = Release|Any CPU
		{64ECBC81-A7C2-4E82-B126-FAA77AE364C3}.Release|Any CPU.Build.0 = Release|Any CPU
		{153B4160-4C5C-43BC-A62C-81C218F43B4E}.Debug|Any CPU.ActiveCfg = Debug|Any CPU
		{153B4160-4C5C-43BC-A62C-81C218F43B4E}.Debug|Any CPU.Build.0 = Debug|Any CPU
		{153B4160-4C5C-43BC-A62C-81C218F43B4E}.FullApp|Any CPU.ActiveCfg = FullApp|Any CPU
		{153B4160-4C5C-43BC-A62C-81C218F43B4E}.FullApp|Any CPU.Build.0 = FullApp|Any CPU
		{153B4160-4C5C-43BC-A62C-81C218F43B4E}.Release|Any CPU.ActiveCfg = Release|Any CPU
		{153B4160-4C5C-43BC-A62C-81C218F43B4E}.Release|Any CPU.Build.0 = Release|Any CPU
		{B54001F9-C88B-4048-8E15-C94C53141B0A}.Debug|Any CPU.ActiveCfg = Debug|Any CPU
		{B54001F9-C88B-4048-8E15-C94C53141B0A}.Debug|Any CPU.Build.0 = Debug|Any CPU
		{B54001F9-C88B-4048-8E15-C94C53141B0A}.FullApp|Any CPU.ActiveCfg = FullApp|Any CPU
		{B54001F9-C88B-4048-8E15-C94C53141B0A}.FullApp|Any CPU.Build.0 = FullApp|Any CPU
		{B54001F9-C88B-4048-8E15-C94C53141B0A}.Release|Any CPU.ActiveCfg = Release|Any CPU
		{B54001F9-C88B-4048-8E15-C94C53141B0A}.Release|Any CPU.Build.0 = Release|Any CPU
	EndGlobalSection
	GlobalSection(SolutionProperties) = preSolution
		HideSolutionNode = FALSE
	EndGlobalSection
	GlobalSection(NestedProjects) = preSolution
		{25E319FD-2615-405E-ACC5-5A557C819B61} = {26869CC7-419E-4FF0-806C-CDFCD20E35E2}
		{35A80171-B829-4504-ADB8-7ABA0359CD62} = {E14B1BAF-6A26-4F44-9E42-ADF3264B1651}
		{3B730F3E-6102-4B5E-9FF3-C3584C7055B3} = {E14B1BAF-6A26-4F44-9E42-ADF3264B1651}
		{BDF4D88C-38B7-4300-8AA2-E3B32091D25B} = {E14B1BAF-6A26-4F44-9E42-ADF3264B1651}
		{EEB48F71-D495-444E-940C-5C4E6F58C981} = {E14B1BAF-6A26-4F44-9E42-ADF3264B1651}
		{C1765907-F389-497C-AF45-5768054A4E8C} = {E14B1BAF-6A26-4F44-9E42-ADF3264B1651}
		{288D5A23-23D1-469A-A3A0-8311881CAF6F} = {E14B1BAF-6A26-4F44-9E42-ADF3264B1651}
		{26869CC7-419E-4FF0-806C-CDFCD20E35E2} = {F4EE0D1A-FDD6-4B67-8888-DE56E5B68345}
		{6F574798-3F96-49C8-B1F8-8F554C9A2AAB} = {F4EE0D1A-FDD6-4B67-8888-DE56E5B68345}
		{E4B8E3C3-EC6C-457C-A54D-7057BEDB2AD3} = {6F574798-3F96-49C8-B1F8-8F554C9A2AAB}
		{E1BD0C2B-EE77-43EB-BDA5-A2A96D779E7D} = {F4EE0D1A-FDD6-4B67-8888-DE56E5B68345}
		{3DE3043A-0D40-4416-AA94-406623552650} = {E1BD0C2B-EE77-43EB-BDA5-A2A96D779E7D}
		{DC799FC8-88F7-4592-BD08-3FC917415F79} = {E1BD0C2B-EE77-43EB-BDA5-A2A96D779E7D}
		{64ECBC81-A7C2-4E82-B126-FAA77AE364C3} = {E1BD0C2B-EE77-43EB-BDA5-A2A96D779E7D}
		{153B4160-4C5C-43BC-A62C-81C218F43B4E} = {E1BD0C2B-EE77-43EB-BDA5-A2A96D779E7D}
		{A059D350-0C42-4A44-B5E2-5357CAF3FE43} = {F4EE0D1A-FDD6-4B67-8888-DE56E5B68345}
		{B54001F9-C88B-4048-8E15-C94C53141B0A} = {A059D350-0C42-4A44-B5E2-5357CAF3FE43}
	EndGlobalSection
	GlobalSection(ExtensibilityGlobals) = postSolution
		SolutionGuid = {3CE8B033-C305-47A4-BF6B-0BDE1049A637}
	EndGlobalSection
EndGlobal
